
Microsoft Visual Studio Solution File, Format Version 12.00
# Visual Studio Version 16
VisualStudioVersion = 16.0.30114.105
MinimumVisualStudioVersion = 10.0.40219.1
Project("{FAE04EC0-301F-11D3-BF4B-00C04F79EFBC}") = "studentsManager", "studentsManager\studentsManager.csproj", "{27917B16-3763-48F9-8794-19B8D006114A}"
EndProject
Project("{FAE04EC0-301F-11D3-BF4B-00C04F79EFBC}") = "studentsManagerDb", "studentsManagerDb\studentsManagerDb.csproj", "{50CBD5AB-A7F0-470D-9E4A-FF86FA59AA21}"
EndProject
Global
	GlobalSection(SolutionConfigurationPlatforms) = preSolution
		Debug|Any CPU = Debug|Any CPU
		Debug|x64 = Debug|x64
		Debug|x86 = Debug|x86
		Release|Any CPU = Release|Any CPU
		Release|x64 = Release|x64
		Release|x86 = Release|x86
	EndGlobalSection
	GlobalSection(SolutionProperties) = preSolution
		HideSolutionNode = FALSE
	EndGlobalSection
	GlobalSection(ProjectConfigurationPlatforms) = postSolution
		{27917B16-3763-48F9-8794-19B8D006114A}.Debug|Any CPU.ActiveCfg = Debug|Any CPU
		{27917B16-3763-48F9-8794-19B8D006114A}.Debug|Any CPU.Build.0 = Debug|Any CPU
		{27917B16-3763-48F9-8794-19B8D006114A}.Debug|x64.ActiveCfg = Debug|Any CPU
		{27917B16-3763-48F9-8794-19B8D006114A}.Debug|x64.Build.0 = Debug|Any CPU
		{27917B16-3763-48F9-8794-19B8D006114A}.Debug|x86.ActiveCfg = Debug|Any CPU
		{27917B16-3763-48F9-8794-19B8D006114A}.Debug|x86.Build.0 = Debug|Any CPU
		{27917B16-3763-48F9-8794-19B8D006114A}.Release|Any CPU.ActiveCfg = Release|Any CPU
		{27917B16-3763-48F9-8794-19B8D006114A}.Release|Any CPU.Build.0 = Release|Any CPU
		{27917B16-3763-48F9-8794-19B8D006114A}.Release|x64.ActiveCfg = Release|Any CPU
		{27917B16-3763-48F9-8794-19B8D006114A}.Release|x64.Build.0 = Release|Any CPU
		{27917B16-3763-48F9-8794-19B8D006114A}.Release|x86.ActiveCfg = Release|Any CPU
		{27917B16-3763-48F9-8794-19B8D006114A}.Release|x86.Build.0 = Release|Any CPU
		{50CBD5AB-A7F0-470D-9E4A-FF86FA59AA21}.Debug|Any CPU.ActiveCfg = Debug|Any CPU
		{50CBD5AB-A7F0-470D-9E4A-FF86FA59AA21}.Debug|Any CPU.Build.0 = Debug|Any CPU
		{50CBD5AB-A7F0-470D-9E4A-FF86FA59AA21}.Debug|x64.ActiveCfg = Debug|Any CPU
		{50CBD5AB-A7F0-470D-9E4A-FF86FA59AA21}.Debug|x64.Build.0 = Debug|Any CPU
		{50CBD5AB-A7F0-470D-9E4A-FF86FA59AA21}.Debug|x86.ActiveCfg = Debug|Any CPU
		{50CBD5AB-A7F0-470D-9E4A-FF86FA59AA21}.Debug|x86.Build.0 = Debug|Any CPU
		{50CBD5AB-A7F0-470D-9E4A-FF86FA59AA21}.Release|Any CPU.ActiveCfg = Release|Any CPU
		{50CBD5AB-A7F0-470D-9E4A-FF86FA59AA21}.Release|Any CPU.Build.0 = Release|Any CPU
		{50CBD5AB-A7F0-470D-9E4A-FF86FA59AA21}.Release|x64.ActiveCfg = Release|Any CPU
		{50CBD5AB-A7F0-470D-9E4A-FF86FA59AA21}.Release|x64.Build.0 = Release|Any CPU
		{50CBD5AB-A7F0-470D-9E4A-FF86FA59AA21}.Release|x86.ActiveCfg = Release|Any CPU
		{50CBD5AB-A7F0-470D-9E4A-FF86FA59AA21}.Release|x86.Build.0 = Release|Any CPU
	EndGlobalSection
EndGlobal
